
Microsoft Visual Studio Solution File, Format Version 12.00
# Visual Studio Version 16
VisualStudioVersion = 16.0.30114.105
MinimumVisualStudioVersion = 10.0.40219.1
Project("{2150E333-8FDC-42A3-9474-1A3956D46DE8}") = "src", "src", "{F41231E2-77AC-4B07-AE41-19540ED5F72F}"
EndProject
Project("{FAE04EC0-301F-11D3-BF4B-00C04F79EFBC}") = "Application", "src\Application\Application.csproj", "{64192C0F-027C-483E-9FDF-8C2FDBD2932B}"
EndProject
Project("{FAE04EC0-301F-11D3-BF4B-00C04F79EFBC}") = "Domain", "src\Domain\Domain.csproj", "{BE184A78-D281-45FF-AEDB-3CCBD753AD2A}"
EndProject
Project("{FAE04EC0-301F-11D3-BF4B-00C04F79EFBC}") = "Infrastructure", "src\Infrastructure\Infrastructure.csproj", "{00C1EA1F-B1F0-43C1-ACA1-7C9C45EA1D10}"
EndProject
Project("{FAE04EC0-301F-11D3-BF4B-00C04F79EFBC}") = "WebAPI", "src\WebAPI\WebAPI.csproj", "{DF396BFC-2A66-40C9-AD0A-333357828DFE}"
EndProject
Project("{2150E333-8FDC-42A3-9474-1A3956D46DE8}") = "unit_test", "unit_test", "{7B6CEAFD-31AE-4516-AD7E-E2CDE2BD54A2}"
EndProject
Project("{FAE04EC0-301F-11D3-BF4B-00C04F79EFBC}") = "AppTest", "unit_test\AppTest\AppTest.csproj", "{549EE4B1-01E1-4E4F-AD93-81654A41DBF1}"
EndProject
Global
	GlobalSection(SolutionProperties) = preSolution
		HideSolutionNode = FALSE
	EndGlobalSection
	GlobalSection(SolutionConfigurationPlatforms) = preSolution
		Debug|Any CPU = Debug|Any CPU
		Debug|x64 = Debug|x64
		Debug|x86 = Debug|x86
		Release|Any CPU = Release|Any CPU
		Release|x64 = Release|x64
		Release|x86 = Release|x86
	EndGlobalSection
	GlobalSection(ProjectConfigurationPlatforms) = postSolution
		{64192C0F-027C-483E-9FDF-8C2FDBD2932B}.Debug|Any CPU.ActiveCfg = Debug|Any CPU
		{64192C0F-027C-483E-9FDF-8C2FDBD2932B}.Debug|Any CPU.Build.0 = Debug|Any CPU
		{64192C0F-027C-483E-9FDF-8C2FDBD2932B}.Debug|x64.ActiveCfg = Debug|Any CPU
		{64192C0F-027C-483E-9FDF-8C2FDBD2932B}.Debug|x64.Build.0 = Debug|Any CPU
		{64192C0F-027C-483E-9FDF-8C2FDBD2932B}.Debug|x86.ActiveCfg = Debug|Any CPU
		{64192C0F-027C-483E-9FDF-8C2FDBD2932B}.Debug|x86.Build.0 = Debug|Any CPU
		{64192C0F-027C-483E-9FDF-8C2FDBD2932B}.Release|Any CPU.ActiveCfg = Release|Any CPU
		{64192C0F-027C-483E-9FDF-8C2FDBD2932B}.Release|Any CPU.Build.0 = Release|Any CPU
		{64192C0F-027C-483E-9FDF-8C2FDBD2932B}.Release|x64.ActiveCfg = Release|Any CPU
		{64192C0F-027C-483E-9FDF-8C2FDBD2932B}.Release|x64.Build.0 = Release|Any CPU
		{64192C0F-027C-483E-9FDF-8C2FDBD2932B}.Release|x86.ActiveCfg = Release|Any CPU
		{64192C0F-027C-483E-9FDF-8C2FDBD2932B}.Release|x86.Build.0 = Release|Any CPU
		{BE184A78-D281-45FF-AEDB-3CCBD753AD2A}.Debug|Any CPU.ActiveCfg = Debug|Any CPU
		{BE184A78-D281-45FF-AEDB-3CCBD753AD2A}.Debug|Any CPU.Build.0 = Debug|Any CPU
		{BE184A78-D281-45FF-AEDB-3CCBD753AD2A}.Debug|x64.ActiveCfg = Debug|Any CPU
		{BE184A78-D281-45FF-AEDB-3CCBD753AD2A}.Debug|x64.Build.0 = Debug|Any CPU
		{BE184A78-D281-45FF-AEDB-3CCBD753AD2A}.Debug|x86.ActiveCfg = Debug|Any CPU
		{BE184A78-D281-45FF-AEDB-3CCBD753AD2A}.Debug|x86.Build.0 = Debug|Any CPU
		{BE184A78-D281-45FF-AEDB-3CCBD753AD2A}.Release|Any CPU.ActiveCfg = Release|Any CPU
		{BE184A78-D281-45FF-AEDB-3CCBD753AD2A}.Release|Any CPU.Build.0 = Release|Any CPU
		{BE184A78-D281-45FF-AEDB-3CCBD753AD2A}.Release|x64.ActiveCfg = Release|Any CPU
		{BE184A78-D281-45FF-AEDB-3CCBD753AD2A}.Release|x64.Build.0 = Release|Any CPU
		{BE184A78-D281-45FF-AEDB-3CCBD753AD2A}.Release|x86.ActiveCfg = Release|Any CPU
		{BE184A78-D281-45FF-AEDB-3CCBD753AD2A}.Release|x86.Build.0 = Release|Any CPU
		{00C1EA1F-B1F0-43C1-ACA1-7C9C45EA1D10}.Debug|Any CPU.ActiveCfg = Debug|Any CPU
		{00C1EA1F-B1F0-43C1-ACA1-7C9C45EA1D10}.Debug|Any CPU.Build.0 = Debug|Any CPU
		{00C1EA1F-B1F0-43C1-ACA1-7C9C45EA1D10}.Debug|x64.ActiveCfg = Debug|Any CPU
		{00C1EA1F-B1F0-43C1-ACA1-7C9C45EA1D10}.Debug|x64.Build.0 = Debug|Any CPU
		{00C1EA1F-B1F0-43C1-ACA1-7C9C45EA1D10}.Debug|x86.ActiveCfg = Debug|Any CPU
		{00C1EA1F-B1F0-43C1-ACA1-7C9C45EA1D10}.Debug|x86.Build.0 = Debug|Any CPU
		{00C1EA1F-B1F0-43C1-ACA1-7C9C45EA1D10}.Release|Any CPU.ActiveCfg = Release|Any CPU
		{00C1EA1F-B1F0-43C1-ACA1-7C9C45EA1D10}.Release|Any CPU.Build.0 = Release|Any CPU
		{00C1EA1F-B1F0-43C1-ACA1-7C9C45EA1D10}.Release|x64.ActiveCfg = Release|Any CPU
		{00C1EA1F-B1F0-43C1-ACA1-7C9C45EA1D10}.Release|x64.Build.0 = Release|Any CPU
		{00C1EA1F-B1F0-43C1-ACA1-7C9C45EA1D10}.Release|x86.ActiveCfg = Release|Any CPU
		{00C1EA1F-B1F0-43C1-ACA1-7C9C45EA1D10}.Release|x86.Build.0 = Release|Any CPU
		{DF396BFC-2A66-40C9-AD0A-333357828DFE}.Debug|Any CPU.ActiveCfg = Debug|Any CPU
		{DF396BFC-2A66-40C9-AD0A-333357828DFE}.Debug|Any CPU.Build.0 = Debug|Any CPU
		{DF396BFC-2A66-40C9-AD0A-333357828DFE}.Debug|x64.ActiveCfg = Debug|Any CPU
		{DF396BFC-2A66-40C9-AD0A-333357828DFE}.Debug|x64.Build.0 = Debug|Any CPU
		{DF396BFC-2A66-40C9-AD0A-333357828DFE}.Debug|x86.ActiveCfg = Debug|Any CPU
		{DF396BFC-2A66-40C9-AD0A-333357828DFE}.Debug|x86.Build.0 = Debug|Any CPU
		{DF396BFC-2A66-40C9-AD0A-333357828DFE}.Release|Any CPU.ActiveCfg = Release|Any CPU
		{DF396BFC-2A66-40C9-AD0A-333357828DFE}.Release|Any CPU.Build.0 = Release|Any CPU
		{DF396BFC-2A66-40C9-AD0A-333357828DFE}.Release|x64.ActiveCfg = Release|Any CPU
		{DF396BFC-2A66-40C9-AD0A-333357828DFE}.Release|x64.Build.0 = Release|Any CPU
		{DF396BFC-2A66-40C9-AD0A-333357828DFE}.Release|x86.ActiveCfg = Release|Any CPU
		{DF396BFC-2A66-40C9-AD0A-333357828DFE}.Release|x86.Build.0 = Release|Any CPU
		{549EE4B1-01E1-4E4F-AD93-81654A41DBF1}.Debug|Any CPU.ActiveCfg = Debug|Any CPU
		{549EE4B1-01E1-4E4F-AD93-81654A41DBF1}.Debug|Any CPU.Build.0 = Debug|Any CPU
		{549EE4B1-01E1-4E4F-AD93-81654A41DBF1}.Debug|x64.ActiveCfg = Debug|Any CPU
		{549EE4B1-01E1-4E4F-AD93-81654A41DBF1}.Debug|x64.Build.0 = Debug|Any CPU
		{549EE4B1-01E1-4E4F-AD93-81654A41DBF1}.Debug|x86.ActiveCfg = Debug|Any CPU
		{549EE4B1-01E1-4E4F-AD93-81654A41DBF1}.Debug|x86.Build.0 = Debug|Any CPU
		{549EE4B1-01E1-4E4F-AD93-81654A41DBF1}.Release|Any CPU.ActiveCfg = Release|Any CPU
		{549EE4B1-01E1-4E4F-AD93-81654A41DBF1}.Release|Any CPU.Build.0 = Release|Any CPU
		{549EE4B1-01E1-4E4F-AD93-81654A41DBF1}.Release|x64.ActiveCfg = Release|Any CPU
		{549EE4B1-01E1-4E4F-AD93-81654A41DBF1}.Release|x64.Build.0 = Release|Any CPU
		{549EE4B1-01E1-4E4F-AD93-81654A41DBF1}.Release|x86.ActiveCfg = Release|Any CPU
		{549EE4B1-01E1-4E4F-AD93-81654A41DBF1}.Release|x86.Build.0 = Release|Any CPU
	EndGlobalSection
	GlobalSection(NestedProjects) = preSolution
		{64192C0F-027C-483E-9FDF-8C2FDBD2932B} = {F41231E2-77AC-4B07-AE41-19540ED5F72F}
		{BE184A78-D281-45FF-AEDB-3CCBD753AD2A} = {F41231E2-77AC-4B07-AE41-19540ED5F72F}
		{00C1EA1F-B1F0-43C1-ACA1-7C9C45EA1D10} = {F41231E2-77AC-4B07-AE41-19540ED5F72F}
		{DF396BFC-2A66-40C9-AD0A-333357828DFE} = {F41231E2-77AC-4B07-AE41-19540ED5F72F}
		{549EE4B1-01E1-4E4F-AD93-81654A41DBF1} = {7B6CEAFD-31AE-4516-AD7E-E2CDE2BD54A2}
	EndGlobalSection
EndGlobal
